// !$*UTF8*$!
{
	archiveVersion = 1;
	classes = {
	};
	objectVersion = 46;
	objects = {

/* Begin PBXBuildFile section */
		999895D614CCEAF20040938E /* Cocoa.framework in Frameworks */ = {isa = PBXBuildFile; fileRef = 999895D514CCEAF20040938E /* Cocoa.framework */; };
		999895E014CCEAF20040938E /* InfoPlist.strings in Resources */ = {isa = PBXBuildFile; fileRef = 999895DE14CCEAF20040938E /* InfoPlist.strings */; };
		999895E214CCEAF20040938E /* main.m in Sources */ = {isa = PBXBuildFile; fileRef = 999895E114CCEAF20040938E /* main.m */; };
		999895E614CCEAF20040938E /* Credits.rtf in Resources */ = {isa = PBXBuildFile; fileRef = 999895E414CCEAF20040938E /* Credits.rtf */; };
		999895E914CCEAF20040938E /* AppDelegate.m in Sources */ = {isa = PBXBuildFile; fileRef = 999895E814CCEAF20040938E /* AppDelegate.m */; };
		999895EC14CCEAF20040938E /* MainMenu.xib in Resources */ = {isa = PBXBuildFile; fileRef = 999895EA14CCEAF20040938E /* MainMenu.xib */; };
		999895F314CCEC680040938E /* IRproxy.mm in Sources */ = {isa = PBXBuildFile; fileRef = 999895F214CCEC680040938E /* IRproxy.mm */; };
		99C54F16169CE58800CD5123 /* comandomeo_512x512@2x 1.icns in Resources */ = {isa = PBXBuildFile; fileRef = 99C54F15169CE58800CD5123 /* comandomeo_512x512@2x 1.icns */; };
		99C54F18169CE59F00CD5123 /* comandomeo_512x512@2x 1.icns in Resources */ = {isa = PBXBuildFile; fileRef = 99C54F17169CE59F00CD5123 /* comandomeo_512x512@2x 1.icns */; };
		99D4A8FF16A0E50400995054 /* comandobackground.png in Resources */ = {isa = PBXBuildFile; fileRef = 99D4A8FE16A0E50400995054 /* comandobackground.png */; };
		99ED2BA316A461500043B85F /* setaleft_off.psd in Resources */ = {isa = PBXBuildFile; fileRef = 99ED2B4B16A461500043B85F /* setaleft_off.psd */; };
		99ED2BA416A461500043B85F /* setaesq_off.png in Resources */ = {isa = PBXBuildFile; fileRef = 99ED2B4C16A461500043B85F /* setaesq_off.png */; };
		99ED2BA516A461500043B85F /* power_on.png in Resources */ = {isa = PBXBuildFile; fileRef = 99ED2B4D16A461500043B85F /* power_on.png */; };
		99ED2BA616A461500043B85F /* power_off.png in Resources */ = {isa = PBXBuildFile; fileRef = 99ED2B4E16A461500043B85F /* power_off.png */; };
		99ED2BA716A461500043B85F /* setaleft_on.png in Resources */ = {isa = PBXBuildFile; fileRef = 99ED2B4F16A461500043B85F /* setaleft_on.png */; };
		99ED2BA816A461500043B85F /* blue_off.png in Resources */ = {isa = PBXBuildFile; fileRef = 99ED2B5016A461500043B85F /* blue_off.png */; };
		99ED2BA916A461500043B85F /* but.psd in Resources */ = {isa = PBXBuildFile; fileRef = 99ED2B5116A461500043B85F /* but.psd */; };
		99ED2BAA16A461500043B85F /* grav_off.png in Resources */ = {isa = PBXBuildFile; fileRef = 99ED2B5216A461500043B85F /* grav_off.png */; };
		99ED2BAB16A461500043B85F /* grav_on.png in Resources */ = {isa = PBXBuildFile; fileRef = 99ED2B5316A461500043B85F /* grav_on.png */; };
		99ED2BAC16A461500043B85F /* rw_off.png in Resources */ = {isa = PBXBuildFile; fileRef = 99ED2B5416A461500043B85F /* rw_off.png */; };
		99ED2BAD16A461500043B85F /* ffw_off.png in Resources */ = {isa = PBXBuildFile; fileRef = 99ED2B5516A461500043B85F /* ffw_off.png */; };
		99ED2BAE16A461500043B85F /* next_off.png in Resources */ = {isa = PBXBuildFile; fileRef = 99ED2B5616A461500043B85F /* next_off.png */; };
		99ED2BAF16A461500043B85F /* back_off.png in Resources */ = {isa = PBXBuildFile; fileRef = 99ED2B5716A461500043B85F /* back_off.png */; };
		99ED2BB016A461500043B85F /* prev_off.png in Resources */ = {isa = PBXBuildFile; fileRef = 99ED2B5816A461500043B85F /* prev_off.png */; };
		99ED2BB116A461500043B85F /* playpause_off.png in Resources */ = {isa = PBXBuildFile; fileRef = 99ED2B5916A461500043B85F /* playpause_off.png */; };
		99ED2BB216A461500043B85F /* stop_off.png in Resources */ = {isa = PBXBuildFile; fileRef = 99ED2B5A16A461500043B85F /* stop_off.png */; };
		99ED2BB316A461500043B85F /* rec_off.png in Resources */ = {isa = PBXBuildFile; fileRef = 99ED2B5B16A461500043B85F /* rec_off.png */; };
		99ED2BB416A461500043B85F /* yell_off.png in Resources */ = {isa = PBXBuildFile; fileRef = 99ED2B5C16A461500043B85F /* yell_off.png */; };
		99ED2BB516A461500043B85F /* green_off.png in Resources */ = {isa = PBXBuildFile; fileRef = 99ED2B5D16A461500043B85F /* green_off.png */; };
		99ED2BB616A461500043B85F /* red_off.png in Resources */ = {isa = PBXBuildFile; fileRef = 99ED2B5E16A461500043B85F /* red_off.png */; };
		99ED2BB716A461500043B85F /* pref_off.png in Resources */ = {isa = PBXBuildFile; fileRef = 99ED2B5F16A461500043B85F /* pref_off.png */; };
		99ED2BB816A461500043B85F /* soundsource_off.png in Resources */ = {isa = PBXBuildFile; fileRef = 99ED2B6016A461500043B85F /* soundsource_off.png */; };
		99ED2BB916A461500043B85F /* mute_off.png in Resources */ = {isa = PBXBuildFile; fileRef = 99ED2B6116A461500043B85F /* mute_off.png */; };
		99ED2BBA16A461500043B85F /* i_off.png in Resources */ = {isa = PBXBuildFile; fileRef = 99ED2B6216A461500043B85F /* i_off.png */; };
		99ED2BBB16A461500043B85F /* videoclub_off.png in Resources */ = {isa = PBXBuildFile; fileRef = 99ED2B6316A461500043B85F /* videoclub_off.png */; };
		99ED2BBC16A461500043B85F /* tvguide_off.png in Resources */ = {isa = PBXBuildFile; fileRef = 99ED2B6416A461500043B85F /* tvguide_off.png */; };
		99ED2BBD16A461500043B85F /* output_off.png in Resources */ = {isa = PBXBuildFile; fileRef = 99ED2B6516A461500043B85F /* output_off.png */; };
		99ED2BBE16A461500043B85F /* 1back_off.png in Resources */ = {isa = PBXBuildFile; fileRef = 99ED2B6616A461500043B85F /* 1back_off.png */; };
		99ED2BBF16A461500043B85F /* menu_off.png in Resources */ = {isa = PBXBuildFile; fileRef = 99ED2B6716A461500043B85F /* menu_off.png */; };
		99ED2BC016A461500043B85F /* pmenos_off.png in Resources */ = {isa = PBXBuildFile; fileRef = 99ED2B6816A461500043B85F /* pmenos_off.png */; };
		99ED2BC116A461500043B85F /* vmenos_off.png in Resources */ = {isa = PBXBuildFile; fileRef = 99ED2B6916A461500043B85F /* vmenos_off.png */; };
		99ED2BC216A461500043B85F /* setadown_off.png in Resources */ = {isa = PBXBuildFile; fileRef = 99ED2B6A16A461500043B85F /* setadown_off.png */; };
		99ED2BC316A461500043B85F /* setaright_off.png in Resources */ = {isa = PBXBuildFile; fileRef = 99ED2B6B16A461500043B85F /* setaright_off.png */; };
		99ED2BC416A461500043B85F /* setaleft_off.png in Resources */ = {isa = PBXBuildFile; fileRef = 99ED2B6C16A461500043B85F /* setaleft_off.png */; };
		99ED2BC516A461500043B85F /* ok_off.png in Resources */ = {isa = PBXBuildFile; fileRef = 99ED2B6D16A461500043B85F /* ok_off.png */; };
		99ED2BC616A461500043B85F /* pmais_off.png in Resources */ = {isa = PBXBuildFile; fileRef = 99ED2B6E16A461500043B85F /* pmais_off.png */; };
		99ED2BC716A461500043B85F /* setaup_off.png in Resources */ = {isa = PBXBuildFile; fileRef = 99ED2B6F16A461500043B85F /* setaup_off.png */; };
		99ED2BC816A461500043B85F /* vmais_off.png in Resources */ = {isa = PBXBuildFile; fileRef = 99ED2B7016A461500043B85F /* vmais_off.png */; };
		99ED2BC916A461500043B85F /* 0_off.png in Resources */ = {isa = PBXBuildFile; fileRef = 99ED2B7116A461500043B85F /* 0_off.png */; };
		99ED2BCA16A461500043B85F /* 9_off.png in Resources */ = {isa = PBXBuildFile; fileRef = 99ED2B7216A461500043B85F /* 9_off.png */; };
		99ED2BCB16A461500043B85F /* 8_off.png in Resources */ = {isa = PBXBuildFile; fileRef = 99ED2B7316A461500043B85F /* 8_off.png */; };
		99ED2BCC16A461500043B85F /* 7_off.png in Resources */ = {isa = PBXBuildFile; fileRef = 99ED2B7416A461500043B85F /* 7_off.png */; };
		99ED2BCD16A461500043B85F /* 6_off.png in Resources */ = {isa = PBXBuildFile; fileRef = 99ED2B7516A461500043B85F /* 6_off.png */; };
		99ED2BCE16A461500043B85F /* 5_off.png in Resources */ = {isa = PBXBuildFile; fileRef = 99ED2B7616A461500043B85F /* 5_off.png */; };
		99ED2BCF16A461500043B85F /* 4_off.png in Resources */ = {isa = PBXBuildFile; fileRef = 99ED2B7716A461500043B85F /* 4_off.png */; };
		99ED2BD016A461500043B85F /* 3_off.png in Resources */ = {isa = PBXBuildFile; fileRef = 99ED2B7816A461500043B85F /* 3_off.png */; };
		99ED2BD116A461500043B85F /* 2_off.png in Resources */ = {isa = PBXBuildFile; fileRef = 99ED2B7916A461500043B85F /* 2_off.png */; };
		99ED2BD216A461500043B85F /* 1_off.png in Resources */ = {isa = PBXBuildFile; fileRef = 99ED2B7A16A461500043B85F /* 1_off.png */; };
		99ED2BD316A461500043B85F /* pref_on.png in Resources */ = {isa = PBXBuildFile; fileRef = 99ED2B7B16A461500043B85F /* pref_on.png */; };
		99ED2BD416A461500043B85F /* soundsource_on.png in Resources */ = {isa = PBXBuildFile; fileRef = 99ED2B7C16A461500043B85F /* soundsource_on.png */; };
		99ED2BD516A461500043B85F /* mute_on.png in Resources */ = {isa = PBXBuildFile; fileRef = 99ED2B7D16A461500043B85F /* mute_on.png */; };
		99ED2BD616A461500043B85F /* blue_on.png in Resources */ = {isa = PBXBuildFile; fileRef = 99ED2B7E16A461500043B85F /* blue_on.png */; };
		99ED2BD716A461500043B85F /* yell_on.png in Resources */ = {isa = PBXBuildFile; fileRef = 99ED2B7F16A461500043B85F /* yell_on.png */; };
		99ED2BD816A461500043B85F /* green_on.png in Resources */ = {isa = PBXBuildFile; fileRef = 99ED2B8016A461500043B85F /* green_on.png */; };
		99ED2BD916A461500043B85F /* red_on.png in Resources */ = {isa = PBXBuildFile; fileRef = 99ED2B8116A461500043B85F /* red_on.png */; };
		99ED2BDA16A461500043B85F /* next_on.png in Resources */ = {isa = PBXBuildFile; fileRef = 99ED2B8216A461500043B85F /* next_on.png */; };
		99ED2BDB16A461500043B85F /* ffw_on.png in Resources */ = {isa = PBXBuildFile; fileRef = 99ED2B8316A461500043B85F /* ffw_on.png */; };
		99ED2BDC16A461500043B85F /* rw_on.png in Resources */ = {isa = PBXBuildFile; fileRef = 99ED2B8416A461500043B85F /* rw_on.png */; };
		99ED2BDD16A461500043B85F /* back_on.png in Resources */ = {isa = PBXBuildFile; fileRef = 99ED2B8516A461500043B85F /* back_on.png */; };
		99ED2BDE16A461500043B85F /* rec_on.png in Resources */ = {isa = PBXBuildFile; fileRef = 99ED2B8616A461500043B85F /* rec_on.png */; };
		99ED2BDF16A461500043B85F /* playpause_on.png in Resources */ = {isa = PBXBuildFile; fileRef = 99ED2B8716A461500043B85F /* playpause_on.png */; };
		99ED2BE016A461500043B85F /* stop_on.png in Resources */ = {isa = PBXBuildFile; fileRef = 99ED2B8816A461500043B85F /* stop_on.png */; };
		99ED2BE116A461500043B85F /* prev_on.png in Resources */ = {isa = PBXBuildFile; fileRef = 99ED2B8916A461500043B85F /* prev_on.png */; };
		99ED2BE216A461500043B85F /* i_on.png in Resources */ = {isa = PBXBuildFile; fileRef = 99ED2B8A16A461500043B85F /* i_on.png */; };
		99ED2BE316A461500043B85F /* videoclub_on.png in Resources */ = {isa = PBXBuildFile; fileRef = 99ED2B8B16A461500043B85F /* videoclub_on.png */; };
		99ED2BE416A461500043B85F /* tvguide_on.png in Resources */ = {isa = PBXBuildFile; fileRef = 99ED2B8C16A461500043B85F /* tvguide_on.png */; };
		99ED2BE516A461500043B85F /* output_on.png in Resources */ = {isa = PBXBuildFile; fileRef = 99ED2B8D16A461500043B85F /* output_on.png */; };
		99ED2BE616A461500043B85F /* 1back_on.png in Resources */ = {isa = PBXBuildFile; fileRef = 99ED2B8E16A461500043B85F /* 1back_on.png */; };
		99ED2BE716A461500043B85F /* menu_on.png in Resources */ = {isa = PBXBuildFile; fileRef = 99ED2B8F16A461500043B85F /* menu_on.png */; };
		99ED2BE816A461500043B85F /* setaright_on.png in Resources */ = {isa = PBXBuildFile; fileRef = 99ED2B9016A461500043B85F /* setaright_on.png */; };
		99ED2BE916A461500043B85F /* setaesq.png in Resources */ = {isa = PBXBuildFile; fileRef = 99ED2B9116A461500043B85F /* setaesq.png */; };
		99ED2BEA16A461500043B85F /* setadown_on.png in Resources */ = {isa = PBXBuildFile; fileRef = 99ED2B9216A461500043B85F /* setadown_on.png */; };
		99ED2BEB16A461500043B85F /* setaup_on.png in Resources */ = {isa = PBXBuildFile; fileRef = 99ED2B9316A461500043B85F /* setaup_on.png */; };
		99ED2BEC16A461500043B85F /* pmenos_on.png in Resources */ = {isa = PBXBuildFile; fileRef = 99ED2B9416A461500043B85F /* pmenos_on.png */; };
		99ED2BED16A461500043B85F /* pmais_on.png in Resources */ = {isa = PBXBuildFile; fileRef = 99ED2B9516A461500043B85F /* pmais_on.png */; };
		99ED2BEE16A461500043B85F /* ok_on.png in Resources */ = {isa = PBXBuildFile; fileRef = 99ED2B9616A461500043B85F /* ok_on.png */; };
		99ED2BEF16A461500043B85F /* vmenos_on.png in Resources */ = {isa = PBXBuildFile; fileRef = 99ED2B9716A461500043B85F /* vmenos_on.png */; };
		99ED2BF016A461500043B85F /* vmais_on.png in Resources */ = {isa = PBXBuildFile; fileRef = 99ED2B9816A461500043B85F /* vmais_on.png */; };
		99ED2BF116A461500043B85F /* 0_on.png in Resources */ = {isa = PBXBuildFile; fileRef = 99ED2B9916A461500043B85F /* 0_on.png */; };
		99ED2BF216A461500043B85F /* 9_on.png in Resources */ = {isa = PBXBuildFile; fileRef = 99ED2B9A16A461500043B85F /* 9_on.png */; };
		99ED2BF316A461500043B85F /* 8_on.png in Resources */ = {isa = PBXBuildFile; fileRef = 99ED2B9B16A461500043B85F /* 8_on.png */; };
		99ED2BF416A461500043B85F /* 6_on.png in Resources */ = {isa = PBXBuildFile; fileRef = 99ED2B9C16A461500043B85F /* 6_on.png */; };
		99ED2BF516A461500043B85F /* 7_on.png in Resources */ = {isa = PBXBuildFile; fileRef = 99ED2B9D16A461500043B85F /* 7_on.png */; };
		99ED2BF616A461500043B85F /* 5_on.png in Resources */ = {isa = PBXBuildFile; fileRef = 99ED2B9E16A461500043B85F /* 5_on.png */; };
		99ED2BF716A461500043B85F /* 4_on.png in Resources */ = {isa = PBXBuildFile; fileRef = 99ED2B9F16A461500043B85F /* 4_on.png */; };
		99ED2BF816A461500043B85F /* 3_on.png in Resources */ = {isa = PBXBuildFile; fileRef = 99ED2BA016A461500043B85F /* 3_on.png */; };
		99ED2BF916A461500043B85F /* 2_on.png in Resources */ = {isa = PBXBuildFile; fileRef = 99ED2BA116A461500043B85F /* 2_on.png */; };
		99ED2BFA16A461500043B85F /* 1_on.png in Resources */ = {isa = PBXBuildFile; fileRef = 99ED2BA216A461500043B85F /* 1_on.png */; };
/* End PBXBuildFile section */

/* Begin PBXFileReference section */
		999895D114CCEAF20040938E /* Meu Comando.app */ = {isa = PBXFileReference; explicitFileType = wrapper.application; includeInIndex = 0; path = "Meu Comando.app"; sourceTree = BUILT_PRODUCTS_DIR; };
		999895D514CCEAF20040938E /* Cocoa.framework */ = {isa = PBXFileReference; lastKnownFileType = wrapper.framework; name = Cocoa.framework; path = System/Library/Frameworks/Cocoa.framework; sourceTree = SDKROOT; };
		999895D814CCEAF20040938E /* AppKit.framework */ = {isa = PBXFileReference; lastKnownFileType = wrapper.framework; name = AppKit.framework; path = System/Library/Frameworks/AppKit.framework; sourceTree = SDKROOT; };
		999895DA14CCEAF20040938E /* Foundation.framework */ = {isa = PBXFileReference; lastKnownFileType = wrapper.framework; name = Foundation.framework; path = System/Library/Frameworks/Foundation.framework; sourceTree = SDKROOT; };
		999895DD14CCEAF20040938E /* Meu Comando-Info.plist */ = {isa = PBXFileReference; lastKnownFileType = text.plist.xml; path = "Meu Comando-Info.plist"; sourceTree = "<group>"; };
		999895DF14CCEAF20040938E /* en */ = {isa = PBXFileReference; lastKnownFileType = text.plist.strings; name = en; path = en.lproj/InfoPlist.strings; sourceTree = "<group>"; };
		999895E114CCEAF20040938E /* main.m */ = {isa = PBXFileReference; lastKnownFileType = sourcecode.c.objc; path = main.m; sourceTree = "<group>"; };
		999895E314CCEAF20040938E /* Meu Comando-Prefix.pch */ = {isa = PBXFileReference; lastKnownFileType = sourcecode.c.h; path = "Meu Comando-Prefix.pch"; sourceTree = "<group>"; };
		999895E514CCEAF20040938E /* en */ = {isa = PBXFileReference; lastKnownFileType = text.rtf; name = en; path = en.lproj/Credits.rtf; sourceTree = "<group>"; };
		999895E714CCEAF20040938E /* AppDelegate.h */ = {isa = PBXFileReference; lastKnownFileType = sourcecode.c.h; path = AppDelegate.h; sourceTree = "<group>"; };
		999895E814CCEAF20040938E /* AppDelegate.m */ = {isa = PBXFileReference; lastKnownFileType = sourcecode.c.objc; path = AppDelegate.m; sourceTree = "<group>"; };
		999895EB14CCEAF20040938E /* en */ = {isa = PBXFileReference; lastKnownFileType = file.xib; name = en; path = en.lproj/MainMenu.xib; sourceTree = "<group>"; };
		999895F214CCEC680040938E /* IRproxy.mm */ = {isa = PBXFileReference; explicitFileType = sourcecode.cpp.objcpp; fileEncoding = 4; path = IRproxy.mm; sourceTree = "<group>"; };
		999895F714CCF04A0040938E /* IRproxy.h */ = {isa = PBXFileReference; fileEncoding = 4; lastKnownFileType = sourcecode.c.h; path = IRproxy.h; sourceTree = "<group>"; };
		99C54F15169CE58800CD5123 /* comandomeo_512x512@2x 1.icns */ = {isa = PBXFileReference; lastKnownFileType = image.icns; path = "comandomeo_512x512@2x 1.icns"; sourceTree = "<group>"; };
		99C54F17169CE59F00CD5123 /* comandomeo_512x512@2x 1.icns */ = {isa = PBXFileReference; lastKnownFileType = image.icns; path = "comandomeo_512x512@2x 1.icns"; sourceTree = "<group>"; };
		99D4A8FE16A0E50400995054 /* comandobackground.png */ = {isa = PBXFileReference; lastKnownFileType = image.png; name = comandobackground.png; path = "../../../Dropbox/Marta:Diogo Share/appcomando/comandobackground.png"; sourceTree = "<group>"; };
		99ED2B4B16A461500043B85F /* setaleft_off.psd */ = {isa = PBXFileReference; lastKnownFileType = file; path = setaleft_off.psd; sourceTree = "<group>"; };
		99ED2B4C16A461500043B85F /* setaesq_off.png */ = {isa = PBXFileReference; lastKnownFileType = image.png; path = setaesq_off.png; sourceTree = "<group>"; };
		99ED2B4D16A461500043B85F /* power_on.png */ = {isa = PBXFileReference; lastKnownFileType = image.png; path = power_on.png; sourceTree = "<group>"; };
		99ED2B4E16A461500043B85F /* power_off.png */ = {isa = PBXFileReference; lastKnownFileType = image.png; path = power_off.png; sourceTree = "<group>"; };
		99ED2B4F16A461500043B85F /* setaleft_on.png */ = {isa = PBXFileReference; lastKnownFileType = image.png; path = setaleft_on.png; sourceTree = "<group>"; };
		99ED2B5016A461500043B85F /* blue_off.png */ = {isa = PBXFileReference; lastKnownFileType = image.png; path = blue_off.png; sourceTree = "<group>"; };
		99ED2B5116A461500043B85F /* but.psd */ = {isa = PBXFileReference; lastKnownFileType = file; path = but.psd; sourceTree = "<group>"; };
		99ED2B5216A461500043B85F /* grav_off.png */ = {isa = PBXFileReference; lastKnownFileType = image.png; path = grav_off.png; sourceTree = "<group>"; };
		99ED2B5316A461500043B85F /* grav_on.png */ = {isa = PBXFileReference; lastKnownFileType = image.png; path = grav_on.png; sourceTree = "<group>"; };
		99ED2B5416A461500043B85F /* rw_off.png */ = {isa = PBXFileReference; lastKnownFileType = image.png; path = rw_off.png; sourceTree = "<group>"; };
		99ED2B5516A461500043B85F /* ffw_off.png */ = {isa = PBXFileReference; lastKnownFileType = image.png; path = ffw_off.png; sourceTree = "<group>"; };
		99ED2B5616A461500043B85F /* next_off.png */ = {isa = PBXFileReference; lastKnownFileType = image.png; path = next_off.png; sourceTree = "<group>"; };
		99ED2B5716A461500043B85F /* back_off.png */ = {isa = PBXFileReference; lastKnownFileType = image.png; path = back_off.png; sourceTree = "<group>"; };
		99ED2B5816A461500043B85F /* prev_off.png */ = {isa = PBXFileReference; lastKnownFileType = image.png; path = prev_off.png; sourceTree = "<group>"; };
		99ED2B5916A461500043B85F /* playpause_off.png */ = {isa = PBXFileReference; lastKnownFileType = image.png; path = playpause_off.png; sourceTree = "<group>"; };
		99ED2B5A16A461500043B85F /* stop_off.png */ = {isa = PBXFileReference; lastKnownFileType = image.png; path = stop_off.png; sourceTree = "<group>"; };
		99ED2B5B16A461500043B85F /* rec_off.png */ = {isa = PBXFileReference; lastKnownFileType = image.png; path = rec_off.png; sourceTree = "<group>"; };
		99ED2B5C16A461500043B85F /* yell_off.png */ = {isa = PBXFileReference; lastKnownFileType = image.png; path = yell_off.png; sourceTree = "<group>"; };
		99ED2B5D16A461500043B85F /* green_off.png */ = {isa = PBXFileReference; lastKnownFileType = image.png; path = green_off.png; sourceTree = "<group>"; };
		99ED2B5E16A461500043B85F /* red_off.png */ = {isa = PBXFileReference; lastKnownFileType = image.png; path = red_off.png; sourceTree = "<group>"; };
		99ED2B5F16A461500043B85F /* pref_off.png */ = {isa = PBXFileReference; lastKnownFileType = image.png; path = pref_off.png; sourceTree = "<group>"; };
		99ED2B6016A461500043B85F /* soundsource_off.png */ = {isa = PBXFileReference; lastKnownFileType = image.png; path = soundsource_off.png; sourceTree = "<group>"; };
		99ED2B6116A461500043B85F /* mute_off.png */ = {isa = PBXFileReference; lastKnownFileType = image.png; path = mute_off.png; sourceTree = "<group>"; };
		99ED2B6216A461500043B85F /* i_off.png */ = {isa = PBXFileReference; lastKnownFileType = image.png; path = i_off.png; sourceTree = "<group>"; };
		99ED2B6316A461500043B85F /* videoclub_off.png */ = {isa = PBXFileReference; lastKnownFileType = image.png; path = videoclub_off.png; sourceTree = "<group>"; };
		99ED2B6416A461500043B85F /* tvguide_off.png */ = {isa = PBXFileReference; lastKnownFileType = image.png; path = tvguide_off.png; sourceTree = "<group>"; };
		99ED2B6516A461500043B85F /* output_off.png */ = {isa = PBXFileReference; lastKnownFileType = image.png; path = output_off.png; sourceTree = "<group>"; };
		99ED2B6616A461500043B85F /* 1back_off.png */ = {isa = PBXFileReference; lastKnownFileType = image.png; path = 1back_off.png; sourceTree = "<group>"; };
		99ED2B6716A461500043B85F /* menu_off.png */ = {isa = PBXFileReference; lastKnownFileType = image.png; path = menu_off.png; sourceTree = "<group>"; };
		99ED2B6816A461500043B85F /* pmenos_off.png */ = {isa = PBXFileReference; lastKnownFileType = image.png; path = pmenos_off.png; sourceTree = "<group>"; };
		99ED2B6916A461500043B85F /* vmenos_off.png */ = {isa = PBXFileReference; lastKnownFileType = image.png; path = vmenos_off.png; sourceTree = "<group>"; };
		99ED2B6A16A461500043B85F /* setadown_off.png */ = {isa = PBXFileReference; lastKnownFileType = image.png; path = setadown_off.png; sourceTree = "<group>"; };
		99ED2B6B16A461500043B85F /* setaright_off.png */ = {isa = PBXFileReference; lastKnownFileType = image.png; path = setaright_off.png; sourceTree = "<group>"; };
		99ED2B6C16A461500043B85F /* setaleft_off.png */ = {isa = PBXFileReference; lastKnownFileType = image.png; path = setaleft_off.png; sourceTree = "<group>"; };
		99ED2B6D16A461500043B85F /* ok_off.png */ = {isa = PBXFileReference; lastKnownFileType = image.png; path = ok_off.png; sourceTree = "<group>"; };
		99ED2B6E16A461500043B85F /* pmais_off.png */ = {isa = PBXFileReference; lastKnownFileType = image.png; path = pmais_off.png; sourceTree = "<group>"; };
		99ED2B6F16A461500043B85F /* setaup_off.png */ = {isa = PBXFileReference; lastKnownFileType = image.png; path = setaup_off.png; sourceTree = "<group>"; };
		99ED2B7016A461500043B85F /* vmais_off.png */ = {isa = PBXFileReference; lastKnownFileType = image.png; path = vmais_off.png; sourceTree = "<group>"; };
		99ED2B7116A461500043B85F /* 0_off.png */ = {isa = PBXFileReference; lastKnownFileType = image.png; path = 0_off.png; sourceTree = "<group>"; };
		99ED2B7216A461500043B85F /* 9_off.png */ = {isa = PBXFileReference; lastKnownFileType = image.png; path = 9_off.png; sourceTree = "<group>"; };
		99ED2B7316A461500043B85F /* 8_off.png */ = {isa = PBXFileReference; lastKnownFileType = image.png; path = 8_off.png; sourceTree = "<group>"; };
		99ED2B7416A461500043B85F /* 7_off.png */ = {isa = PBXFileReference; lastKnownFileType = image.png; path = 7_off.png; sourceTree = "<group>"; };
		99ED2B7516A461500043B85F /* 6_off.png */ = {isa = PBXFileReference; lastKnownFileType = image.png; path = 6_off.png; sourceTree = "<group>"; };
		99ED2B7616A461500043B85F /* 5_off.png */ = {isa = PBXFileReference; lastKnownFileType = image.png; path = 5_off.png; sourceTree = "<group>"; };
		99ED2B7716A461500043B85F /* 4_off.png */ = {isa = PBXFileReference; lastKnownFileType = image.png; path = 4_off.png; sourceTree = "<group>"; };
		99ED2B7816A461500043B85F /* 3_off.png */ = {isa = PBXFileReference; lastKnownFileType = image.png; path = 3_off.png; sourceTree = "<group>"; };
		99ED2B7916A461500043B85F /* 2_off.png */ = {isa = PBXFileReference; lastKnownFileType = image.png; path = 2_off.png; sourceTree = "<group>"; };
		99ED2B7A16A461500043B85F /* 1_off.png */ = {isa = PBXFileReference; lastKnownFileType = image.png; path = 1_off.png; sourceTree = "<group>"; };
		99ED2B7B16A461500043B85F /* pref_on.png */ = {isa = PBXFileReference; lastKnownFileType = image.png; path = pref_on.png; sourceTree = "<group>"; };
		99ED2B7C16A461500043B85F /* soundsource_on.png */ = {isa = PBXFileReference; lastKnownFileType = image.png; path = soundsource_on.png; sourceTree = "<group>"; };
		99ED2B7D16A461500043B85F /* mute_on.png */ = {isa = PBXFileReference; lastKnownFileType = image.png; path = mute_on.png; sourceTree = "<group>"; };
		99ED2B7E16A461500043B85F /* blue_on.png */ = {isa = PBXFileReference; lastKnownFileType = image.png; path = blue_on.png; sourceTree = "<group>"; };
		99ED2B7F16A461500043B85F /* yell_on.png */ = {isa = PBXFileReference; lastKnownFileType = image.png; path = yell_on.png; sourceTree = "<group>"; };
		99ED2B8016A461500043B85F /* green_on.png */ = {isa = PBXFileReference; lastKnownFileType = image.png; path = green_on.png; sourceTree = "<group>"; };
		99ED2B8116A461500043B85F /* red_on.png */ = {isa = PBXFileReference; lastKnownFileType = image.png; path = red_on.png; sourceTree = "<group>"; };
		99ED2B8216A461500043B85F /* next_on.png */ = {isa = PBXFileReference; lastKnownFileType = image.png; path = next_on.png; sourceTree = "<group>"; };
		99ED2B8316A461500043B85F /* ffw_on.png */ = {isa = PBXFileReference; lastKnownFileType = image.png; path = ffw_on.png; sourceTree = "<group>"; };
		99ED2B8416A461500043B85F /* rw_on.png */ = {isa = PBXFileReference; lastKnownFileType = image.png; path = rw_on.png; sourceTree = "<group>"; };
		99ED2B8516A461500043B85F /* back_on.png */ = {isa = PBXFileReference; lastKnownFileType = image.png; path = back_on.png; sourceTree = "<group>"; };
		99ED2B8616A461500043B85F /* rec_on.png */ = {isa = PBXFileReference; lastKnownFileType = image.png; path = rec_on.png; sourceTree = "<group>"; };
		99ED2B8716A461500043B85F /* playpause_on.png */ = {isa = PBXFileReference; lastKnownFileType = image.png; path = playpause_on.png; sourceTree = "<group>"; };
		99ED2B8816A461500043B85F /* stop_on.png */ = {isa = PBXFileReference; lastKnownFileType = image.png; path = stop_on.png; sourceTree = "<group>"; };
		99ED2B8916A461500043B85F /* prev_on.png */ = {isa = PBXFileReference; lastKnownFileType = image.png; path = prev_on.png; sourceTree = "<group>"; };
		99ED2B8A16A461500043B85F /* i_on.png */ = {isa = PBXFileReference; lastKnownFileType = image.png; path = i_on.png; sourceTree = "<group>"; };
		99ED2B8B16A461500043B85F /* videoclub_on.png */ = {isa = PBXFileReference; lastKnownFileType = image.png; path = videoclub_on.png; sourceTree = "<group>"; };
		99ED2B8C16A461500043B85F /* tvguide_on.png */ = {isa = PBXFileReference; lastKnownFileType = image.png; path = tvguide_on.png; sourceTree = "<group>"; };
		99ED2B8D16A461500043B85F /* output_on.png */ = {isa = PBXFileReference; lastKnownFileType = image.png; path = output_on.png; sourceTree = "<group>"; };
		99ED2B8E16A461500043B85F /* 1back_on.png */ = {isa = PBXFileReference; lastKnownFileType = image.png; path = 1back_on.png; sourceTree = "<group>"; };
		99ED2B8F16A461500043B85F /* menu_on.png */ = {isa = PBXFileReference; lastKnownFileType = image.png; path = menu_on.png; sourceTree = "<group>"; };
		99ED2B9016A461500043B85F /* setaright_on.png */ = {isa = PBXFileReference; lastKnownFileType = image.png; path = setaright_on.png; sourceTree = "<group>"; };
		99ED2B9116A461500043B85F /* setaesq.png */ = {isa = PBXFileReference; lastKnownFileType = image.png; path = setaesq.png; sourceTree = "<group>"; };
		99ED2B9216A461500043B85F /* setadown_on.png */ = {isa = PBXFileReference; lastKnownFileType = image.png; path = setadown_on.png; sourceTree = "<group>"; };
		99ED2B9316A461500043B85F /* setaup_on.png */ = {isa = PBXFileReference; lastKnownFileType = image.png; path = setaup_on.png; sourceTree = "<group>"; };
		99ED2B9416A461500043B85F /* pmenos_on.png */ = {isa = PBXFileReference; lastKnownFileType = image.png; path = pmenos_on.png; sourceTree = "<group>"; };
		99ED2B9516A461500043B85F /* pmais_on.png */ = {isa = PBXFileReference; lastKnownFileType = image.png; path = pmais_on.png; sourceTree = "<group>"; };
		99ED2B9616A461500043B85F /* ok_on.png */ = {isa = PBXFileReference; lastKnownFileType = image.png; path = ok_on.png; sourceTree = "<group>"; };
		99ED2B9716A461500043B85F /* vmenos_on.png */ = {isa = PBXFileReference; lastKnownFileType = image.png; path = vmenos_on.png; sourceTree = "<group>"; };
		99ED2B9816A461500043B85F /* vmais_on.png */ = {isa = PBXFileReference; lastKnownFileType = image.png; path = vmais_on.png; sourceTree = "<group>"; };
		99ED2B9916A461500043B85F /* 0_on.png */ = {isa = PBXFileReference; lastKnownFileType = image.png; path = 0_on.png; sourceTree = "<group>"; };
		99ED2B9A16A461500043B85F /* 9_on.png */ = {isa = PBXFileReference; lastKnownFileType = image.png; path = 9_on.png; sourceTree = "<group>"; };
		99ED2B9B16A461500043B85F /* 8_on.png */ = {isa = PBXFileReference; lastKnownFileType = image.png; path = 8_on.png; sourceTree = "<group>"; };
		99ED2B9C16A461500043B85F /* 6_on.png */ = {isa = PBXFileReference; lastKnownFileType = image.png; path = 6_on.png; sourceTree = "<group>"; };
		99ED2B9D16A461500043B85F /* 7_on.png */ = {isa = PBXFileReference; lastKnownFileType = image.png; path = 7_on.png; sourceTree = "<group>"; };
		99ED2B9E16A461500043B85F /* 5_on.png */ = {isa = PBXFileReference; lastKnownFileType = image.png; path = 5_on.png; sourceTree = "<group>"; };
		99ED2B9F16A461500043B85F /* 4_on.png */ = {isa = PBXFileReference; lastKnownFileType = image.png; path = 4_on.png; sourceTree = "<group>"; };
		99ED2BA016A461500043B85F /* 3_on.png */ = {isa = PBXFileReference; lastKnownFileType = image.png; path = 3_on.png; sourceTree = "<group>"; };
		99ED2BA116A461500043B85F /* 2_on.png */ = {isa = PBXFileReference; lastKnownFileType = image.png; path = 2_on.png; sourceTree = "<group>"; };
		99ED2BA216A461500043B85F /* 1_on.png */ = {isa = PBXFileReference; lastKnownFileType = image.png; path = 1_on.png; sourceTree = "<group>"; };
/* End PBXFileReference section */

/* Begin PBXFrameworksBuildPhase section */
		999895CE14CCEAF20040938E /* Frameworks */ = {
			isa = PBXFrameworksBuildPhase;
			buildActionMask = 2147483647;
			files = (
				999895D614CCEAF20040938E /* Cocoa.framework in Frameworks */,
			);
			runOnlyForDeploymentPostprocessing = 0;
		};
/* End PBXFrameworksBuildPhase section */

/* Begin PBXGroup section */
		999895C614CCEAF20040938E = {
			isa = PBXGroup;
			children = (
				99C54F17169CE59F00CD5123 /* comandomeo_512x512@2x 1.icns */,
				999895DB14CCEAF20040938E /* Meu Comando */,
				999895D414CCEAF20040938E /* Frameworks */,
				999895D214CCEAF20040938E /* Products */,
			);
			sourceTree = "<group>";
		};
		999895D214CCEAF20040938E /* Products */ = {
			isa = PBXGroup;
			children = (
				999895D114CCEAF20040938E /* Meu Comando.app */,
			);
			name = Products;
			sourceTree = "<group>";
		};
		999895D414CCEAF20040938E /* Frameworks */ = {
			isa = PBXGroup;
			children = (
				999895D514CCEAF20040938E /* Cocoa.framework */,
				999895D714CCEAF20040938E /* Other Frameworks */,
			);
			name = Frameworks;
			sourceTree = "<group>";
		};
		999895D714CCEAF20040938E /* Other Frameworks */ = {
			isa = PBXGroup;
			children = (
				999895D814CCEAF20040938E /* AppKit.framework */,
				999895DA14CCEAF20040938E /* Foundation.framework */,
			);
			name = "Other Frameworks";
			sourceTree = "<group>";
		};
		999895DB14CCEAF20040938E /* Meu Comando */ = {
			isa = PBXGroup;
			children = (
				999895F214CCEC680040938E /* IRproxy.mm */,
				999895F714CCF04A0040938E /* IRproxy.h */,
				999895E714CCEAF20040938E /* AppDelegate.h */,
				999895E814CCEAF20040938E /* AppDelegate.m */,
				999895EA14CCEAF20040938E /* MainMenu.xib */,
				999895DC14CCEAF20040938E /* Supporting Files */,
			);
			name = "Meu Comando";
			path = "Meo Remote";
			sourceTree = "<group>";
		};
		999895DC14CCEAF20040938E /* Supporting Files */ = {
			isa = PBXGroup;
			children = (
				99ED2B4B16A461500043B85F /* setaleft_off.psd */,
				99ED2B4C16A461500043B85F /* setaesq_off.png */,
				99ED2B4D16A461500043B85F /* power_on.png */,
				99ED2B4E16A461500043B85F /* power_off.png */,
				99ED2B4F16A461500043B85F /* setaleft_on.png */,
				99ED2B5016A461500043B85F /* blue_off.png */,
				99ED2B5116A461500043B85F /* but.psd */,
				99ED2B5216A461500043B85F /* grav_off.png */,
				99ED2B5316A461500043B85F /* grav_on.png */,
				99ED2B5416A461500043B85F /* rw_off.png */,
				99ED2B5516A461500043B85F /* ffw_off.png */,
				99ED2B5616A461500043B85F /* next_off.png */,
				99ED2B5716A461500043B85F /* back_off.png */,
				99ED2B5816A461500043B85F /* prev_off.png */,
				99ED2B5916A461500043B85F /* playpause_off.png */,
				99ED2B5A16A461500043B85F /* stop_off.png */,
				99ED2B5B16A461500043B85F /* rec_off.png */,
				99ED2B5C16A461500043B85F /* yell_off.png */,
				99ED2B5D16A461500043B85F /* green_off.png */,
				99ED2B5E16A461500043B85F /* red_off.png */,
				99ED2B5F16A461500043B85F /* pref_off.png */,
				99ED2B6016A461500043B85F /* soundsource_off.png */,
				99ED2B6116A461500043B85F /* mute_off.png */,
				99ED2B6216A461500043B85F /* i_off.png */,
				99ED2B6316A461500043B85F /* videoclub_off.png */,
				99ED2B6416A461500043B85F /* tvguide_off.png */,
				99ED2B6516A461500043B85F /* output_off.png */,
				99ED2B6616A461500043B85F /* 1back_off.png */,
				99ED2B6716A461500043B85F /* menu_off.png */,
				99ED2B6816A461500043B85F /* pmenos_off.png */,
				99ED2B6916A461500043B85F /* vmenos_off.png */,
				99ED2B6A16A461500043B85F /* setadown_off.png */,
				99ED2B6B16A461500043B85F /* setaright_off.png */,
				99ED2B6C16A461500043B85F /* setaleft_off.png */,
				99ED2B6D16A461500043B85F /* ok_off.png */,
				99ED2B6E16A461500043B85F /* pmais_off.png */,
				99ED2B6F16A461500043B85F /* setaup_off.png */,
				99ED2B7016A461500043B85F /* vmais_off.png */,
				99ED2B7116A461500043B85F /* 0_off.png */,
				99ED2B7216A461500043B85F /* 9_off.png */,
				99ED2B7316A461500043B85F /* 8_off.png */,
				99ED2B7416A461500043B85F /* 7_off.png */,
				99ED2B7516A461500043B85F /* 6_off.png */,
				99ED2B7616A461500043B85F /* 5_off.png */,
				99ED2B7716A461500043B85F /* 4_off.png */,
				99ED2B7816A461500043B85F /* 3_off.png */,
				99ED2B7916A461500043B85F /* 2_off.png */,
				99ED2B7A16A461500043B85F /* 1_off.png */,
				99ED2B7B16A461500043B85F /* pref_on.png */,
				99ED2B7C16A461500043B85F /* soundsource_on.png */,
				99ED2B7D16A461500043B85F /* mute_on.png */,
				99ED2B7E16A461500043B85F /* blue_on.png */,
				99ED2B7F16A461500043B85F /* yell_on.png */,
				99ED2B8016A461500043B85F /* green_on.png */,
				99ED2B8116A461500043B85F /* red_on.png */,
				99ED2B8216A461500043B85F /* next_on.png */,
				99ED2B8316A461500043B85F /* ffw_on.png */,
				99ED2B8416A461500043B85F /* rw_on.png */,
				99ED2B8516A461500043B85F /* back_on.png */,
				99ED2B8616A461500043B85F /* rec_on.png */,
				99ED2B8716A461500043B85F /* playpause_on.png */,
				99ED2B8816A461500043B85F /* stop_on.png */,
				99ED2B8916A461500043B85F /* prev_on.png */,
				99ED2B8A16A461500043B85F /* i_on.png */,
				99ED2B8B16A461500043B85F /* videoclub_on.png */,
				99ED2B8C16A461500043B85F /* tvguide_on.png */,
				99ED2B8D16A461500043B85F /* output_on.png */,
				99ED2B8E16A461500043B85F /* 1back_on.png */,
				99ED2B8F16A461500043B85F /* menu_on.png */,
				99ED2B9016A461500043B85F /* setaright_on.png */,
				99ED2B9116A461500043B85F /* setaesq.png */,
				99ED2B9216A461500043B85F /* setadown_on.png */,
				99ED2B9316A461500043B85F /* setaup_on.png */,
				99ED2B9416A461500043B85F /* pmenos_on.png */,
				99ED2B9516A461500043B85F /* pmais_on.png */,
				99ED2B9616A461500043B85F /* ok_on.png */,
				99ED2B9716A461500043B85F /* vmenos_on.png */,
				99ED2B9816A461500043B85F /* vmais_on.png */,
				99ED2B9916A461500043B85F /* 0_on.png */,
				99ED2B9A16A461500043B85F /* 9_on.png */,
				99ED2B9B16A461500043B85F /* 8_on.png */,
				99ED2B9C16A461500043B85F /* 6_on.png */,
				99ED2B9D16A461500043B85F /* 7_on.png */,
				99ED2B9E16A461500043B85F /* 5_on.png */,
				99ED2B9F16A461500043B85F /* 4_on.png */,
				99ED2BA016A461500043B85F /* 3_on.png */,
				99ED2BA116A461500043B85F /* 2_on.png */,
				99ED2BA216A461500043B85F /* 1_on.png */,
				99D4A8FE16A0E50400995054 /* comandobackground.png */,
				99C54F15169CE58800CD5123 /* comandomeo_512x512@2x 1.icns */,
				999895DD14CCEAF20040938E /* Meu Comando-Info.plist */,
				999895DE14CCEAF20040938E /* InfoPlist.strings */,
				999895E114CCEAF20040938E /* main.m */,
				999895E314CCEAF20040938E /* Meu Comando-Prefix.pch */,
				999895E414CCEAF20040938E /* Credits.rtf */,
			);
			name = "Supporting Files";
			sourceTree = "<group>";
		};
/* End PBXGroup section */

/* Begin PBXNativeTarget section */
		999895D014CCEAF20040938E /* Meu Comando */ = {
			isa = PBXNativeTarget;
			buildConfigurationList = 999895EF14CCEAF20040938E /* Build configuration list for PBXNativeTarget "Meu Comando" */;
			buildPhases = (
				999895CD14CCEAF20040938E /* Sources */,
				999895CE14CCEAF20040938E /* Frameworks */,
				999895CF14CCEAF20040938E /* Resources */,
			);
			buildRules = (
			);
			dependencies = (
			);
			name = "Meu Comando";
			productName = "Meo Remote";
			productReference = 999895D114CCEAF20040938E /* Meu Comando.app */;
			productType = "com.apple.product-type.application";
		};
/* End PBXNativeTarget section */

/* Begin PBXProject section */
		999895C814CCEAF20040938E /* Project object */ = {
			isa = PBXProject;
			attributes = {
				LastUpgradeCheck = 0450;
				ORGANIZATIONNAME = "Universidade de Aveiro";
			};
			buildConfigurationList = 999895CB14CCEAF20040938E /* Build configuration list for PBXProject "Meu Comando" */;
			compatibilityVersion = "Xcode 3.2";
			developmentRegion = English;
			hasScannedForEncodings = 0;
			knownRegions = (
				en,
			);
			mainGroup = 999895C614CCEAF20040938E;
			productRefGroup = 999895D214CCEAF20040938E /* Products */;
			projectDirPath = "";
			projectRoot = "";
			targets = (
				999895D014CCEAF20040938E /* Meu Comando */,
			);
		};
/* End PBXProject section */

/* Begin PBXResourcesBuildPhase section */
		999895CF14CCEAF20040938E /* Resources */ = {
			isa = PBXResourcesBuildPhase;
			buildActionMask = 2147483647;
			files = (
				999895E014CCEAF20040938E /* InfoPlist.strings in Resources */,
				999895E614CCEAF20040938E /* Credits.rtf in Resources */,
				999895EC14CCEAF20040938E /* MainMenu.xib in Resources */,
				99C54F16169CE58800CD5123 /* comandomeo_512x512@2x 1.icns in Resources */,
				99C54F18169CE59F00CD5123 /* comandomeo_512x512@2x 1.icns in Resources */,
				99D4A8FF16A0E50400995054 /* comandobackground.png in Resources */,
				99ED2BA316A461500043B85F /* setaleft_off.psd in Resources */,
				99ED2BA416A461500043B85F /* setaesq_off.png in Resources */,
				99ED2BA516A461500043B85F /* power_on.png in Resources */,
				99ED2BA616A461500043B85F /* power_off.png in Resources */,
				99ED2BA716A461500043B85F /* setaleft_on.png in Resources */,
				99ED2BA816A461500043B85F /* blue_off.png in Resources */,
				99ED2BA916A461500043B85F /* but.psd in Resources */,
				99ED2BAA16A461500043B85F /* grav_off.png in Resources */,
				99ED2BAB16A461500043B85F /* grav_on.png in Resources */,
				99ED2BAC16A461500043B85F /* rw_off.png in Resources */,
				99ED2BAD16A461500043B85F /* ffw_off.png in Resources */,
				99ED2BAE16A461500043B85F /* next_off.png in Resources */,
				99ED2BAF16A461500043B85F /* back_off.png in Resources */,
				99ED2BB016A461500043B85F /* prev_off.png in Resources */,
				99ED2BB116A461500043B85F /* playpause_off.png in Resources */,
				99ED2BB216A461500043B85F /* stop_off.png in Resources */,
				99ED2BB316A461500043B85F /* rec_off.png in Resources */,
				99ED2BB416A461500043B85F /* yell_off.png in Resources */,
				99ED2BB516A461500043B85F /* green_off.png in Resources */,
				99ED2BB616A461500043B85F /* red_off.png in Resources */,
				99ED2BB716A461500043B85F /* pref_off.png in Resources */,
				99ED2BB816A461500043B85F /* soundsource_off.png in Resources */,
				99ED2BB916A461500043B85F /* mute_off.png in Resources */,
				99ED2BBA16A461500043B85F /* i_off.png in Resources */,
				99ED2BBB16A461500043B85F /* videoclub_off.png in Resources */,
				99ED2BBC16A461500043B85F /* tvguide_off.png in Resources */,
				99ED2BBD16A461500043B85F /* output_off.png in Resources */,
				99ED2BBE16A461500043B85F /* 1back_off.png in Resources */,
				99ED2BBF16A461500043B85F /* menu_off.png in Resources */,
				99ED2BC016A461500043B85F /* pmenos_off.png in Resources */,
				99ED2BC116A461500043B85F /* vmenos_off.png in Resources */,
				99ED2BC216A461500043B85F /* setadown_off.png in Resources */,
				99ED2BC316A461500043B85F /* setaright_off.png in Resources */,
				99ED2BC416A461500043B85F /* setaleft_off.png in Resources */,
				99ED2BC516A461500043B85F /* ok_off.png in Resources */,
				99ED2BC616A461500043B85F /* pmais_off.png in Resources */,
				99ED2BC716A461500043B85F /* setaup_off.png in Resources */,
				99ED2BC816A461500043B85F /* vmais_off.png in Resources */,
				99ED2BC916A461500043B85F /* 0_off.png in Resources */,
				99ED2BCA16A461500043B85F /* 9_off.png in Resources */,
				99ED2BCB16A461500043B85F /* 8_off.png in Resources */,
				99ED2BCC16A461500043B85F /* 7_off.png in Resources */,
				99ED2BCD16A461500043B85F /* 6_off.png in Resources */,
				99ED2BCE16A461500043B85F /* 5_off.png in Resources */,
				99ED2BCF16A461500043B85F /* 4_off.png in Resources */,
				99ED2BD016A461500043B85F /* 3_off.png in Resources */,
				99ED2BD116A461500043B85F /* 2_off.png in Resources */,
				99ED2BD216A461500043B85F /* 1_off.png in Resources */,
				99ED2BD316A461500043B85F /* pref_on.png in Resources */,
				99ED2BD416A461500043B85F /* soundsource_on.png in Resources */,
				99ED2BD516A461500043B85F /* mute_on.png in Resources */,
				99ED2BD616A461500043B85F /* blue_on.png in Resources */,
				99ED2BD716A461500043B85F /* yell_on.png in Resources */,
				99ED2BD816A461500043B85F /* green_on.png in Resources */,
				99ED2BD916A461500043B85F /* red_on.png in Resources */,
				99ED2BDA16A461500043B85F /* next_on.png in Resources */,
				99ED2BDB16A461500043B85F /* ffw_on.png in Resources */,
				99ED2BDC16A461500043B85F /* rw_on.png in Resources */,
				99ED2BDD16A461500043B85F /* back_on.png in Resources */,
				99ED2BDE16A461500043B85F /* rec_on.png in Resources */,
				99ED2BDF16A461500043B85F /* playpause_on.png in Resources */,
				99ED2BE016A461500043B85F /* stop_on.png in Resources */,
				99ED2BE116A461500043B85F /* prev_on.png in Resources */,
				99ED2BE216A461500043B85F /* i_on.png in Resources */,
				99ED2BE316A461500043B85F /* videoclub_on.png in Resources */,
				99ED2BE416A461500043B85F /* tvguide_on.png in Resources */,
				99ED2BE516A461500043B85F /* output_on.png in Resources */,
				99ED2BE616A461500043B85F /* 1back_on.png in Resources */,
				99ED2BE716A461500043B85F /* menu_on.png in Resources */,
				99ED2BE816A461500043B85F /* setaright_on.png in Resources */,
				99ED2BE916A461500043B85F /* setaesq.png in Resources */,
				99ED2BEA16A461500043B85F /* setadown_on.png in Resources */,
				99ED2BEB16A461500043B85F /* setaup_on.png in Resources */,
				99ED2BEC16A461500043B85F /* pmenos_on.png in Resources */,
				99ED2BED16A461500043B85F /* pmais_on.png in Resources */,
				99ED2BEE16A461500043B85F /* ok_on.png in Resources */,
				99ED2BEF16A461500043B85F /* vmenos_on.png in Resources */,
				99ED2BF016A461500043B85F /* vmais_on.png in Resources */,
				99ED2BF116A461500043B85F /* 0_on.png in Resources */,
				99ED2BF216A461500043B85F /* 9_on.png in Resources */,
				99ED2BF316A461500043B85F /* 8_on.png in Resources */,
				99ED2BF416A461500043B85F /* 6_on.png in Resources */,
				99ED2BF516A461500043B85F /* 7_on.png in Resources */,
				99ED2BF616A461500043B85F /* 5_on.png in Resources */,
				99ED2BF716A461500043B85F /* 4_on.png in Resources */,
				99ED2BF816A461500043B85F /* 3_on.png in Resources */,
				99ED2BF916A461500043B85F /* 2_on.png in Resources */,
				99ED2BFA16A461500043B85F /* 1_on.png in Resources */,
			);
			runOnlyForDeploymentPostprocessing = 0;
		};
/* End PBXResourcesBuildPhase section */

/* Begin PBXSourcesBuildPhase section */
		999895CD14CCEAF20040938E /* Sources */ = {
			isa = PBXSourcesBuildPhase;
			buildActionMask = 2147483647;
			files = (
				999895E214CCEAF20040938E /* main.m in Sources */,
				999895E914CCEAF20040938E /* AppDelegate.m in Sources */,
				999895F314CCEC680040938E /* IRproxy.mm in Sources */,
			);
			runOnlyForDeploymentPostprocessing = 0;
		};
/* End PBXSourcesBuildPhase section */

/* Begin PBXVariantGroup section */
		999895DE14CCEAF20040938E /* InfoPlist.strings */ = {
			isa = PBXVariantGroup;
			children = (
				999895DF14CCEAF20040938E /* en */,
			);
			name = InfoPlist.strings;
			sourceTree = "<group>";
		};
		999895E414CCEAF20040938E /* Credits.rtf */ = {
			isa = PBXVariantGroup;
			children = (
				999895E514CCEAF20040938E /* en */,
			);
			name = Credits.rtf;
			sourceTree = "<group>";
		};
		999895EA14CCEAF20040938E /* MainMenu.xib */ = {
			isa = PBXVariantGroup;
			children = (
				999895EB14CCEAF20040938E /* en */,
			);
			name = MainMenu.xib;
			sourceTree = "<group>";
		};
/* End PBXVariantGroup section */

/* Begin XCBuildConfiguration section */
		999895ED14CCEAF20040938E /* Debug */ = {
			isa = XCBuildConfiguration;
			buildSettings = {
				ALWAYS_SEARCH_USER_PATHS = NO;
				ARCHS = "$(ARCHS_STANDARD_64_BIT)";
				CLANG_ENABLE_OBJC_ARC = YES;
				COPY_PHASE_STRIP = NO;
				GCC_C_LANGUAGE_STANDARD = gnu99;
				GCC_DYNAMIC_NO_PIC = NO;
				GCC_ENABLE_OBJC_EXCEPTIONS = YES;
				GCC_OPTIMIZATION_LEVEL = 0;
				GCC_PREPROCESSOR_DEFINITIONS = (
					"DEBUG=1",
					"$(inherited)",
				);
				GCC_SYMBOLS_PRIVATE_EXTERN = NO;
				GCC_VERSION = com.apple.compilers.llvm.clang.1_0;
				GCC_WARN_64_TO_32_BIT_CONVERSION = YES;
				GCC_WARN_ABOUT_MISSING_PROTOTYPES = YES;
				GCC_WARN_ABOUT_RETURN_TYPE = YES;
				GCC_WARN_UNUSED_VARIABLE = YES;
				MACOSX_DEPLOYMENT_TARGET = 10.7;
				ONLY_ACTIVE_ARCH = YES;
				SDKROOT = macosx;
			};
			name = Debug;
		};
		999895EE14CCEAF20040938E /* Release */ = {
			isa = XCBuildConfiguration;
			buildSettings = {
				ALWAYS_SEARCH_USER_PATHS = NO;
				ARCHS = "$(ARCHS_STANDARD_64_BIT)";
				CLANG_ENABLE_OBJC_ARC = YES;
				COPY_PHASE_STRIP = YES;
				DEBUG_INFORMATION_FORMAT = "dwarf-with-dsym";
				GCC_C_LANGUAGE_STANDARD = gnu99;
				GCC_ENABLE_OBJC_EXCEPTIONS = YES;
				GCC_VERSION = com.apple.compilers.llvm.clang.1_0;
				GCC_WARN_64_TO_32_BIT_CONVERSION = YES;
				GCC_WARN_ABOUT_MISSING_PROTOTYPES = YES;
				GCC_WARN_ABOUT_RETURN_TYPE = YES;
				GCC_WARN_UNUSED_VARIABLE = YES;
				MACOSX_DEPLOYMENT_TARGET = 10.7;
				SDKROOT = macosx;
			};
			name = Release;
		};
		999895F014CCEAF20040938E /* Debug */ = {
			isa = XCBuildConfiguration;
			buildSettings = {
				COMBINE_HIDPI_IMAGES = YES;
				GCC_PRECOMPILE_PREFIX_HEADER = YES;
				GCC_PREFIX_HEADER = "Meo Remote/Meu Comando-Prefix.pch";
				INFOPLIST_FILE = "Meo Remote/Meu Comando-Info.plist";
				PRODUCT_NAME = "Meu Comando";
				WRAPPER_EXTENSION = app;
			};
			name = Debug;
		};
		999895F114CCEAF20040938E /* Release */ = {
			isa = XCBuildConfiguration;
			buildSettings = {
				COMBINE_HIDPI_IMAGES = YES;
				GCC_PRECOMPILE_PREFIX_HEADER = YES;
				GCC_PREFIX_HEADER = "Meo Remote/Meu Comando-Prefix.pch";
				INFOPLIST_FILE = "Meo Remote/Meu Comando-Info.plist";
				PRODUCT_NAME = "Meu Comando";
				WRAPPER_EXTENSION = app;
			};
			name = Release;
		};
/* End XCBuildConfiguration section */

/* Begin XCConfigurationList section */
		999895CB14CCEAF20040938E /* Build configuration list for PBXProject "Meu Comando" */ = {
			isa = XCConfigurationList;
			buildConfigurations = (
				999895ED14CCEAF20040938E /* Debug */,
				999895EE14CCEAF20040938E /* Release */,
			);
			defaultConfigurationIsVisible = 0;
			defaultConfigurationName = Release;
		};
		999895EF14CCEAF20040938E /* Build configuration list for PBXNativeTarget "Meu Comando" */ = {
			isa = XCConfigurationList;
			buildConfigurations = (
				999895F014CCEAF20040938E /* Debug */,
				999895F114CCEAF20040938E /* Release */,
			);
			defaultConfigurationIsVisible = 0;
			defaultConfigurationName = Release;
		};
/* End XCConfigurationList section */
	};
	rootObject = 999895C814CCEAF20040938E /* Project object */;
}
