// !$*UTF8*$!
{
	archiveVersion = 1;
	classes = {
	};
	objectVersion = 46;
	objects = {

/* Begin PBXBuildFile section */
		99977B9914FB19DE00C31551 /* red.png in Resources */ = {isa = PBXBuildFile; fileRef = 99977B9814FB19DE00C31551 /* red.png */; };
		99977B9E14FB1A5B00C31551 /* green.png in Resources */ = {isa = PBXBuildFile; fileRef = 99977B9B14FB1A5B00C31551 /* green.png */; };
		99977B9F14FB1A5B00C31551 /* yellow.png in Resources */ = {isa = PBXBuildFile; fileRef = 99977B9C14FB1A5B00C31551 /* yellow.png */; };
		99977BA014FB1A5B00C31551 /* blue.png in Resources */ = {isa = PBXBuildFile; fileRef = 99977B9D14FB1A5B00C31551 /* blue.png */; };
		999895D614CCEAF20040938E /* Cocoa.framework in Frameworks */ = {isa = PBXBuildFile; fileRef = 999895D514CCEAF20040938E /* Cocoa.framework */; };
		999895E014CCEAF20040938E /* InfoPlist.strings in Resources */ = {isa = PBXBuildFile; fileRef = 999895DE14CCEAF20040938E /* InfoPlist.strings */; };
		999895E214CCEAF20040938E /* main.m in Sources */ = {isa = PBXBuildFile; fileRef = 999895E114CCEAF20040938E /* main.m */; };
		999895E614CCEAF20040938E /* Credits.rtf in Resources */ = {isa = PBXBuildFile; fileRef = 999895E414CCEAF20040938E /* Credits.rtf */; };
		999895E914CCEAF20040938E /* AppDelegate.m in Sources */ = {isa = PBXBuildFile; fileRef = 999895E814CCEAF20040938E /* AppDelegate.m */; };
		999895EC14CCEAF20040938E /* MainMenu.xib in Resources */ = {isa = PBXBuildFile; fileRef = 999895EA14CCEAF20040938E /* MainMenu.xib */; };
		999895F314CCEC680040938E /* IRproxy.cpp in Sources */ = {isa = PBXBuildFile; fileRef = 999895F214CCEC680040938E /* IRproxy.cpp */; };
/* End PBXBuildFile section */

/* Begin PBXFileReference section */
		99977B9814FB19DE00C31551 /* red.png */ = {isa = PBXFileReference; lastKnownFileType = image.png; path = red.png; sourceTree = "<group>"; };
		99977B9B14FB1A5B00C31551 /* green.png */ = {isa = PBXFileReference; lastKnownFileType = image.png; path = green.png; sourceTree = "<group>"; };
		99977B9C14FB1A5B00C31551 /* yellow.png */ = {isa = PBXFileReference; lastKnownFileType = image.png; path = yellow.png; sourceTree = "<group>"; };
		99977B9D14FB1A5B00C31551 /* blue.png */ = {isa = PBXFileReference; lastKnownFileType = image.png; path = blue.png; sourceTree = "<group>"; };
		999895D114CCEAF20040938E /* Meu Comando.app */ = {isa = PBXFileReference; explicitFileType = wrapper.application; includeInIndex = 0; path = "Meu Comando.app"; sourceTree = BUILT_PRODUCTS_DIR; };
		999895D514CCEAF20040938E /* Cocoa.framework */ = {isa = PBXFileReference; lastKnownFileType = wrapper.framework; name = Cocoa.framework; path = System/Library/Frameworks/Cocoa.framework; sourceTree = SDKROOT; };
		999895D814CCEAF20040938E /* AppKit.framework */ = {isa = PBXFileReference; lastKnownFileType = wrapper.framework; name = AppKit.framework; path = System/Library/Frameworks/AppKit.framework; sourceTree = SDKROOT; };
		999895D914CCEAF20040938E /* CoreData.framework */ = {isa = PBXFileReference; lastKnownFileType = wrapper.framework; name = CoreData.framework; path = System/Library/Frameworks/CoreData.framework; sourceTree = SDKROOT; };
		999895DA14CCEAF20040938E /* Foundation.framework */ = {isa = PBXFileReference; lastKnownFileType = wrapper.framework; name = Foundation.framework; path = System/Library/Frameworks/Foundation.framework; sourceTree = SDKROOT; };
		999895DD14CCEAF20040938E /* Meu Comando-Info.plist */ = {isa = PBXFileReference; path = "Meu Comando-Info.plist"; sourceTree = "<group>"; };
		999895DF14CCEAF20040938E /* en */ = {isa = PBXFileReference; lastKnownFileType = text.plist.strings; name = en; path = en.lproj/InfoPlist.strings; sourceTree = "<group>"; };
		999895E114CCEAF20040938E /* main.m */ = {isa = PBXFileReference; lastKnownFileType = sourcecode.c.objc; path = main.m; sourceTree = "<group>"; };
		999895E314CCEAF20040938E /* Meu Comando-Prefix.pch */ = {isa = PBXFileReference; path = "Meu Comando-Prefix.pch"; sourceTree = "<group>"; };
		999895E514CCEAF20040938E /* en */ = {isa = PBXFileReference; lastKnownFileType = text.rtf; name = en; path = en.lproj/Credits.rtf; sourceTree = "<group>"; };
		999895E714CCEAF20040938E /* AppDelegate.h */ = {isa = PBXFileReference; lastKnownFileType = sourcecode.c.h; path = AppDelegate.h; sourceTree = "<group>"; };
		999895E814CCEAF20040938E /* AppDelegate.m */ = {isa = PBXFileReference; lastKnownFileType = sourcecode.c.objc; path = AppDelegate.m; sourceTree = "<group>"; };
		999895EB14CCEAF20040938E /* en */ = {isa = PBXFileReference; lastKnownFileType = file.xib; name = en; path = en.lproj/MainMenu.xib; sourceTree = "<group>"; };
		999895F214CCEC680040938E /* IRproxy.cpp */ = {isa = PBXFileReference; fileEncoding = 4; lastKnownFileType = sourcecode.cpp.cpp; path = IRproxy.cpp; sourceTree = "<group>"; };
		999895F714CCF04A0040938E /* IRproxy.h */ = {isa = PBXFileReference; fileEncoding = 4; lastKnownFileType = sourcecode.c.h; path = IRproxy.h; sourceTree = "<group>"; };
/* End PBXFileReference section */

/* Begin PBXFrameworksBuildPhase section */
		999895CE14CCEAF20040938E /* Frameworks */ = {
			isa = PBXFrameworksBuildPhase;
			buildActionMask = 2147483647;
			files = (
				999895D614CCEAF20040938E /* Cocoa.framework in Frameworks */,
			);
			runOnlyForDeploymentPostprocessing = 0;
		};
/* End PBXFrameworksBuildPhase section */

/* Begin PBXGroup section */
		999895C614CCEAF20040938E = {
			isa = PBXGroup;
			children = (
				999895DB14CCEAF20040938E /* Meu Comando */,
				999895D414CCEAF20040938E /* Frameworks */,
				999895D214CCEAF20040938E /* Products */,
			);
			sourceTree = "<group>";
		};
		999895D214CCEAF20040938E /* Products */ = {
			isa = PBXGroup;
			children = (
				999895D114CCEAF20040938E /* Meu Comando.app */,
			);
			name = Products;
			sourceTree = "<group>";
		};
		999895D414CCEAF20040938E /* Frameworks */ = {
			isa = PBXGroup;
			children = (
				999895D514CCEAF20040938E /* Cocoa.framework */,
				999895D714CCEAF20040938E /* Other Frameworks */,
			);
			name = Frameworks;
			sourceTree = "<group>";
		};
		999895D714CCEAF20040938E /* Other Frameworks */ = {
			isa = PBXGroup;
			children = (
				999895D814CCEAF20040938E /* AppKit.framework */,
				999895D914CCEAF20040938E /* CoreData.framework */,
				999895DA14CCEAF20040938E /* Foundation.framework */,
			);
			name = "Other Frameworks";
			sourceTree = "<group>";
		};
		999895DB14CCEAF20040938E /* Meu Comando */ = {
			isa = PBXGroup;
			children = (
				99977B9B14FB1A5B00C31551 /* green.png */,
				99977B9C14FB1A5B00C31551 /* yellow.png */,
				99977B9D14FB1A5B00C31551 /* blue.png */,
				99977B9814FB19DE00C31551 /* red.png */,
				999895F214CCEC680040938E /* IRproxy.cpp */,
				999895F714CCF04A0040938E /* IRproxy.h */,
				999895E714CCEAF20040938E /* AppDelegate.h */,
				999895E814CCEAF20040938E /* AppDelegate.m */,
				999895EA14CCEAF20040938E /* MainMenu.xib */,
				999895DC14CCEAF20040938E /* Supporting Files */,
			);
			name = "Meu Comando";
			path = "Meo Remote";
			sourceTree = "<group>";
		};
		999895DC14CCEAF20040938E /* Supporting Files */ = {
			isa = PBXGroup;
			children = (
				999895DD14CCEAF20040938E /* Meu Comando-Info.plist */,
				999895DE14CCEAF20040938E /* InfoPlist.strings */,
				999895E114CCEAF20040938E /* main.m */,
				999895E314CCEAF20040938E /* Meu Comando-Prefix.pch */,
				999895E414CCEAF20040938E /* Credits.rtf */,
			);
			name = "Supporting Files";
			sourceTree = "<group>";
		};
/* End PBXGroup section */

/* Begin PBXNativeTarget section */
		999895D014CCEAF20040938E /* Meu Comando */ = {
			isa = PBXNativeTarget;
			buildConfigurationList = 999895EF14CCEAF20040938E /* Build configuration list for PBXNativeTarget "Meu Comando" */;
			buildPhases = (
				999895CD14CCEAF20040938E /* Sources */,
				999895CE14CCEAF20040938E /* Frameworks */,
				999895CF14CCEAF20040938E /* Resources */,
			);
			buildRules = (
			);
			dependencies = (
			);
			name = "Meu Comando";
			productName = "Meo Remote";
			productReference = 999895D114CCEAF20040938E /* Meu Comando.app */;
			productType = "com.apple.product-type.application";
		};
/* End PBXNativeTarget section */

/* Begin PBXProject section */
		999895C814CCEAF20040938E /* Project object */ = {
			isa = PBXProject;
			attributes = {
				LastUpgradeCheck = 0420;
				ORGANIZATIONNAME = "Universidade de Aveiro";
			};
			buildConfigurationList = 999895CB14CCEAF20040938E /* Build configuration list for PBXProject "Meu Comando" */;
			compatibilityVersion = "Xcode 3.2";
			developmentRegion = English;
			hasScannedForEncodings = 0;
			knownRegions = (
				en,
			);
			mainGroup = 999895C614CCEAF20040938E;
			productRefGroup = 999895D214CCEAF20040938E /* Products */;
			projectDirPath = "";
			projectRoot = "";
			targets = (
				999895D014CCEAF20040938E /* Meu Comando */,
			);
		};
/* End PBXProject section */

/* Begin PBXResourcesBuildPhase section */
		999895CF14CCEAF20040938E /* Resources */ = {
			isa = PBXResourcesBuildPhase;
			buildActionMask = 2147483647;
			files = (
				999895E014CCEAF20040938E /* InfoPlist.strings in Resources */,
				999895E614CCEAF20040938E /* Credits.rtf in Resources */,
				999895EC14CCEAF20040938E /* MainMenu.xib in Resources */,
				99977B9914FB19DE00C31551 /* red.png in Resources */,
				99977B9E14FB1A5B00C31551 /* green.png in Resources */,
				99977B9F14FB1A5B00C31551 /* yellow.png in Resources */,
				99977BA014FB1A5B00C31551 /* blue.png in Resources */,
			);
			runOnlyForDeploymentPostprocessing = 0;
		};
/* End PBXResourcesBuildPhase section */

/* Begin PBXSourcesBuildPhase section */
		999895CD14CCEAF20040938E /* Sources */ = {
			isa = PBXSourcesBuildPhase;
			buildActionMask = 2147483647;
			files = (
				999895E214CCEAF20040938E /* main.m in Sources */,
				999895E914CCEAF20040938E /* AppDelegate.m in Sources */,
				999895F314CCEC680040938E /* IRproxy.cpp in Sources */,
			);
			runOnlyForDeploymentPostprocessing = 0;
		};
/* End PBXSourcesBuildPhase section */

/* Begin PBXVariantGroup section */
		999895DE14CCEAF20040938E /* InfoPlist.strings */ = {
			isa = PBXVariantGroup;
			children = (
				999895DF14CCEAF20040938E /* en */,
			);
			name = InfoPlist.strings;
			sourceTree = "<group>";
		};
		999895E414CCEAF20040938E /* Credits.rtf */ = {
			isa = PBXVariantGroup;
			children = (
				999895E514CCEAF20040938E /* en */,
			);
			name = Credits.rtf;
			sourceTree = "<group>";
		};
		999895EA14CCEAF20040938E /* MainMenu.xib */ = {
			isa = PBXVariantGroup;
			children = (
				999895EB14CCEAF20040938E /* en */,
			);
			name = MainMenu.xib;
			sourceTree = "<group>";
		};
/* End PBXVariantGroup section */

/* Begin XCBuildConfiguration section */
		999895ED14CCEAF20040938E /* Debug */ = {
			isa = XCBuildConfiguration;
			buildSettings = {
				ALWAYS_SEARCH_USER_PATHS = NO;
				ARCHS = "$(ARCHS_STANDARD_64_BIT)";
				CLANG_ENABLE_OBJC_ARC = YES;
				COPY_PHASE_STRIP = NO;
				GCC_C_LANGUAGE_STANDARD = gnu99;
				GCC_DYNAMIC_NO_PIC = NO;
				GCC_ENABLE_OBJC_EXCEPTIONS = YES;
				GCC_OPTIMIZATION_LEVEL = 0;
				GCC_PREPROCESSOR_DEFINITIONS = (
					"DEBUG=1",
					"$(inherited)",
				);
				GCC_SYMBOLS_PRIVATE_EXTERN = NO;
				GCC_VERSION = com.apple.compilers.llvm.clang.1_0;
				GCC_WARN_64_TO_32_BIT_CONVERSION = YES;
				GCC_WARN_ABOUT_MISSING_PROTOTYPES = YES;
				GCC_WARN_ABOUT_RETURN_TYPE = YES;
				GCC_WARN_UNUSED_VARIABLE = YES;
				MACOSX_DEPLOYMENT_TARGET = 10.7;
				ONLY_ACTIVE_ARCH = YES;
				SDKROOT = macosx;
			};
			name = Debug;
		};
		999895EE14CCEAF20040938E /* Release */ = {
			isa = XCBuildConfiguration;
			buildSettings = {
				ALWAYS_SEARCH_USER_PATHS = NO;
				ARCHS = "$(ARCHS_STANDARD_64_BIT)";
				CLANG_ENABLE_OBJC_ARC = YES;
				COPY_PHASE_STRIP = YES;
				DEBUG_INFORMATION_FORMAT = "dwarf-with-dsym";
				GCC_C_LANGUAGE_STANDARD = gnu99;
				GCC_ENABLE_OBJC_EXCEPTIONS = YES;
				GCC_VERSION = com.apple.compilers.llvm.clang.1_0;
				GCC_WARN_64_TO_32_BIT_CONVERSION = YES;
				GCC_WARN_ABOUT_MISSING_PROTOTYPES = YES;
				GCC_WARN_ABOUT_RETURN_TYPE = YES;
				GCC_WARN_UNUSED_VARIABLE = YES;
				MACOSX_DEPLOYMENT_TARGET = 10.7;
				SDKROOT = macosx;
			};
			name = Release;
		};
		999895F014CCEAF20040938E /* Debug */ = {
			isa = XCBuildConfiguration;
			buildSettings = {
				GCC_PRECOMPILE_PREFIX_HEADER = YES;
				GCC_PREFIX_HEADER = "Meo Remote/Meu Comando-Prefix.pch";
				INFOPLIST_FILE = "Meo Remote/Meu Comando-Info.plist";
				PRODUCT_NAME = "Meu Comando";
				WRAPPER_EXTENSION = app;
			};
			name = Debug;
		};
		999895F114CCEAF20040938E /* Release */ = {
			isa = XCBuildConfiguration;
			buildSettings = {
				GCC_PRECOMPILE_PREFIX_HEADER = YES;
				GCC_PREFIX_HEADER = "Meo Remote/Meu Comando-Prefix.pch";
				INFOPLIST_FILE = "Meo Remote/Meu Comando-Info.plist";
				PRODUCT_NAME = "Meu Comando";
				WRAPPER_EXTENSION = app;
			};
			name = Release;
		};
/* End XCBuildConfiguration section */

/* Begin XCConfigurationList section */
		999895CB14CCEAF20040938E /* Build configuration list for PBXProject "Meu Comando" */ = {
			isa = XCConfigurationList;
			buildConfigurations = (
				999895ED14CCEAF20040938E /* Debug */,
				999895EE14CCEAF20040938E /* Release */,
			);
			defaultConfigurationIsVisible = 0;
			defaultConfigurationName = Release;
		};
		999895EF14CCEAF20040938E /* Build configuration list for PBXNativeTarget "Meu Comando" */ = {
			isa = XCConfigurationList;
			buildConfigurations = (
				999895F014CCEAF20040938E /* Debug */,
				999895F114CCEAF20040938E /* Release */,
			);
			defaultConfigurationIsVisible = 0;
			defaultConfigurationName = Release;
		};
/* End XCConfigurationList section */
	};
	rootObject = 999895C814CCEAF20040938E /* Project object */;
}
